
Microsoft Visual Studio Solution File, Format Version 12.00
# Visual Studio Version 16
VisualStudioVersion = 16.0.29418.71
MinimumVisualStudioVersion = 10.0.40219.1
Project("{9A19103F-16F7-4668-BE54-9A1E7A4F7556}") = "Client", "Client\Client.csproj", "{D7F108EC-2FAE-44BD-B386-FABA258304C7}"
EndProject
Project("{9A19103F-16F7-4668-BE54-9A1E7A4F7556}") = "Services", "Services\Services.csproj", "{9EAED22E-E09E-45A5-9BC7-0EF476977DF7}"
EndProject
Project("{FAE04EC0-301F-11D3-BF4B-00C04F79EFBC}") = "ClientUnitTests", "ClientUnitTests\ClientUnitTests.csproj", "{07A7C62C-7FF7-4879-8311-0EBD1CD3DB95}"
EndProject
Global
	GlobalSection(SolutionConfigurationPlatforms) = preSolution
		Debug|Any CPU = Debug|Any CPU
		Release|Any CPU = Release|Any CPU
	EndGlobalSection
	GlobalSection(ProjectConfigurationPlatforms) = postSolution
		{D7F108EC-2FAE-44BD-B386-FABA258304C7}.Debug|Any CPU.ActiveCfg = Debug|Any CPU
		{D7F108EC-2FAE-44BD-B386-FABA258304C7}.Debug|Any CPU.Build.0 = Debug|Any CPU
		{D7F108EC-2FAE-44BD-B386-FABA258304C7}.Release|Any CPU.ActiveCfg = Release|Any CPU
		{D7F108EC-2FAE-44BD-B386-FABA258304C7}.Release|Any CPU.Build.0 = Release|Any CPU
		{9EAED22E-E09E-45A5-9BC7-0EF476977DF7}.Debug|Any CPU.ActiveCfg = Debug|Any CPU
		{9EAED22E-E09E-45A5-9BC7-0EF476977DF7}.Debug|Any CPU.Build.0 = Debug|Any CPU
		{9EAED22E-E09E-45A5-9BC7-0EF476977DF7}.Release|Any CPU.ActiveCfg = Release|Any CPU
		{9EAED22E-E09E-45A5-9BC7-0EF476977DF7}.Release|Any CPU.Build.0 = Release|Any CPU
		{07A7C62C-7FF7-4879-8311-0EBD1CD3DB95}.Debug|Any CPU.ActiveCfg = Debug|Any CPU
		{07A7C62C-7FF7-4879-8311-0EBD1CD3DB95}.Debug|Any CPU.Build.0 = Debug|Any CPU
		{07A7C62C-7FF7-4879-8311-0EBD1CD3DB95}.Release|Any CPU.ActiveCfg = Release|Any CPU
		{07A7C62C-7FF7-4879-8311-0EBD1CD3DB95}.Release|Any CPU.Build.0 = Release|Any CPU
	EndGlobalSection
	GlobalSection(SolutionProperties) = preSolution
		HideSolutionNode = FALSE
	EndGlobalSection
	GlobalSection(ExtensibilityGlobals) = postSolution
		SolutionGuid = {658591DB-16B5-49AC-B669-279341474989}
	EndGlobalSection
EndGlobal
